
Microsoft Visual Studio Solution File, Format Version 12.00
# Visual Studio Version 16
VisualStudioVersion = 16.0.31702.278
MinimumVisualStudioVersion = 10.0.40219.1
Project("{FAE04EC0-301F-11D3-BF4B-00C04F79EFBC}") = "Proyecto Ventas", "Proyecto Ventas\Proyecto Ventas.csproj", "{995161B0-335F-456E-9937-B5765F02B160}"
EndProject
Global
	GlobalSection(SolutionConfigurationPlatforms) = preSolution
		Debug|Any CPU = Debug|Any CPU
		Release|Any CPU = Release|Any CPU
	EndGlobalSection
	GlobalSection(ProjectConfigurationPlatforms) = postSolution
		{995161B0-335F-456E-9937-B5765F02B160}.Debug|Any CPU.ActiveCfg = Debug|Any CPU
		{995161B0-335F-456E-9937-B5765F02B160}.Debug|Any CPU.Build.0 = Debug|Any CPU
		{995161B0-335F-456E-9937-B5765F02B160}.Release|Any CPU.ActiveCfg = Release|Any CPU
		{995161B0-335F-456E-9937-B5765F02B160}.Release|Any CPU.Build.0 = Release|Any CPU
	EndGlobalSection
	GlobalSection(SolutionProperties) = preSolution
		HideSolutionNode = FALSE
	EndGlobalSection
	GlobalSection(ExtensibilityGlobals) = postSolution
		SolutionGuid = {41400614-5EAD-4A05-A0FD-796C3500ABBF}
	EndGlobalSection
EndGlobal
